
Microsoft Visual Studio Solution File, Format Version 12.00
# Visual Studio Version 17
VisualStudioVersion = 17.1.32421.90
MinimumVisualStudioVersion = 10.0.40219.1
Project("{FAE04EC0-301F-11D3-BF4B-00C04F79EFBC}") = "WebApplication1.asmx", "WebApplication1.asmx.csproj", "{443206A6-F851-4F47-9EB9-EE43C1DAC5FB}"
EndProject
Global
	GlobalSection(SolutionConfigurationPlatforms) = preSolution
		Debug|Any CPU = Debug|Any CPU
		Release|Any CPU = Release|Any CPU
	EndGlobalSection
	GlobalSection(ProjectConfigurationPlatforms) = postSolution
		{443206A6-F851-4F47-9EB9-EE43C1DAC5FB}.Debug|Any CPU.ActiveCfg = Debug|Any CPU
		{443206A6-F851-4F47-9EB9-EE43C1DAC5FB}.Debug|Any CPU.Build.0 = Debug|Any CPU
		{443206A6-F851-4F47-9EB9-EE43C1DAC5FB}.Release|Any CPU.ActiveCfg = Release|Any CPU
		{443206A6-F851-4F47-9EB9-EE43C1DAC5FB}.Release|Any CPU.Build.0 = Release|Any CPU
	EndGlobalSection
	GlobalSection(SolutionProperties) = preSolution
		HideSolutionNode = FALSE
	EndGlobalSection
	GlobalSection(ExtensibilityGlobals) = postSolution
		SolutionGuid = {40076BCD-C04F-44A3-8024-EEA90FAFEF8C}
	EndGlobalSection
EndGlobal
